
Microsoft Visual Studio Solution File, Format Version 12.00
# Visual Studio 15
VisualStudioVersion = 15.0.27004.2006
MinimumVisualStudioVersion = 10.0.40219.1
Project("{8BC9CEB8-8B4A-11D0-8D11-00A0C91BC942}") = "Common", "Common\Common.vcxproj", "{97EB90BC-3132-428D-AD1C-42B2AFE31BD6}"
EndProject
Project("{8BC9CEB8-8B4A-11D0-8D11-00A0C91BC942}") = "BouncingBalls", "BouncingBalls\BouncingBalls.vcxproj", "{6C8DB616-E1DD-4DD0-AACD-533183DF0277}"
	ProjectSection(ProjectDependencies) = postProject
		{97EB90BC-3132-428D-AD1C-42B2AFE31BD6} = {97EB90BC-3132-428D-AD1C-42B2AFE31BD6}
	EndProjectSection
EndProject
Project("{8BC9CEB8-8B4A-11D0-8D11-00A0C91BC942}") = "Tester", "Tester\Tester.vcxproj", "{579C1A0A-AB02-4A65-B438-9E0003CBD851}"
EndProject
Project("{8BC9CEB8-8B4A-11D0-8D11-00A0C91BC942}") = "HelloTexture", "HelloTexture\HelloTexture.vcxproj", "{D1341018-C6A2-4F1A-A510-D9A32A7E1F1D}"
	ProjectSection(ProjectDependencies) = postProject
		{97EB90BC-3132-428D-AD1C-42B2AFE31BD6} = {97EB90BC-3132-428D-AD1C-42B2AFE31BD6}
	EndProjectSection
EndProject
Project("{8BC9CEB8-8B4A-11D0-8D11-00A0C91BC942}") = "HelloMesh", "HelloMesh\HelloMesh.vcxproj", "{FD700726-3916-46F9-9D9D-84A6B9A22856}"
	ProjectSection(ProjectDependencies) = postProject
		{97EB90BC-3132-428D-AD1C-42B2AFE31BD6} = {97EB90BC-3132-428D-AD1C-42B2AFE31BD6}
	EndProjectSection
EndProject
Project("{8BC9CEB8-8B4A-11D0-8D11-00A0C91BC942}") = "SimpleSphere", "SimpleSphere\SimpleSphere.vcxproj", "{067A186A-39D6-42B7-BF6D-282A0E686146}"
	ProjectSection(ProjectDependencies) = postProject
		{97EB90BC-3132-428D-AD1C-42B2AFE31BD6} = {97EB90BC-3132-428D-AD1C-42B2AFE31BD6}
	EndProjectSection
EndProject
Project("{8BC9CEB8-8B4A-11D0-8D11-00A0C91BC942}") = "Panorama", "Panorama\Panorama.vcxproj", "{6C8A1DEA-96C7-41FB-B857-D7AC5EC8BC7B}"
EndProject
Global
	GlobalSection(SolutionConfigurationPlatforms) = preSolution
		Debug|x64 = Debug|x64
		Debug|x86 = Debug|x86
		Release|x64 = Release|x64
		Release|x86 = Release|x86
	EndGlobalSection
	GlobalSection(ProjectConfigurationPlatforms) = postSolution
		{97EB90BC-3132-428D-AD1C-42B2AFE31BD6}.Debug|x64.ActiveCfg = Debug|x64
		{97EB90BC-3132-428D-AD1C-42B2AFE31BD6}.Debug|x64.Build.0 = Debug|x64
		{97EB90BC-3132-428D-AD1C-42B2AFE31BD6}.Debug|x64.Deploy.0 = Debug|x64
		{97EB90BC-3132-428D-AD1C-42B2AFE31BD6}.Debug|x86.ActiveCfg = Debug|Win32
		{97EB90BC-3132-428D-AD1C-42B2AFE31BD6}.Debug|x86.Build.0 = Debug|Win32
		{97EB90BC-3132-428D-AD1C-42B2AFE31BD6}.Release|x64.ActiveCfg = Release|x64
		{97EB90BC-3132-428D-AD1C-42B2AFE31BD6}.Release|x64.Build.0 = Release|x64
		{97EB90BC-3132-428D-AD1C-42B2AFE31BD6}.Release|x64.Deploy.0 = Release|x64
		{97EB90BC-3132-428D-AD1C-42B2AFE31BD6}.Release|x86.ActiveCfg = Release|Win32
		{97EB90BC-3132-428D-AD1C-42B2AFE31BD6}.Release|x86.Build.0 = Release|Win32
		{6C8DB616-E1DD-4DD0-AACD-533183DF0277}.Debug|x64.ActiveCfg = Debug|x64
		{6C8DB616-E1DD-4DD0-AACD-533183DF0277}.Debug|x64.Build.0 = Debug|x64
		{6C8DB616-E1DD-4DD0-AACD-533183DF0277}.Debug|x64.Deploy.0 = Debug|x64
		{6C8DB616-E1DD-4DD0-AACD-533183DF0277}.Debug|x86.ActiveCfg = Debug|Win32
		{6C8DB616-E1DD-4DD0-AACD-533183DF0277}.Debug|x86.Build.0 = Debug|Win32
		{6C8DB616-E1DD-4DD0-AACD-533183DF0277}.Release|x64.ActiveCfg = Release|x64
		{6C8DB616-E1DD-4DD0-AACD-533183DF0277}.Release|x64.Build.0 = Release|x64
		{6C8DB616-E1DD-4DD0-AACD-533183DF0277}.Release|x64.Deploy.0 = Release|x64
		{6C8DB616-E1DD-4DD0-AACD-533183DF0277}.Release|x86.ActiveCfg = Release|Win32
		{6C8DB616-E1DD-4DD0-AACD-533183DF0277}.Release|x86.Build.0 = Release|Win32
		{579C1A0A-AB02-4A65-B438-9E0003CBD851}.Debug|x64.ActiveCfg = Debug|x64
		{579C1A0A-AB02-4A65-B438-9E0003CBD851}.Debug|x64.Build.0 = Debug|x64
		{579C1A0A-AB02-4A65-B438-9E0003CBD851}.Debug|x64.Deploy.0 = Debug|x64
		{579C1A0A-AB02-4A65-B438-9E0003CBD851}.Debug|x86.ActiveCfg = Debug|Win32
		{579C1A0A-AB02-4A65-B438-9E0003CBD851}.Debug|x86.Build.0 = Debug|Win32
		{579C1A0A-AB02-4A65-B438-9E0003CBD851}.Release|x64.ActiveCfg = Release|x64
		{579C1A0A-AB02-4A65-B438-9E0003CBD851}.Release|x64.Build.0 = Release|x64
		{579C1A0A-AB02-4A65-B438-9E0003CBD851}.Release|x64.Deploy.0 = Release|x64
		{579C1A0A-AB02-4A65-B438-9E0003CBD851}.Release|x86.ActiveCfg = Release|Win32
		{579C1A0A-AB02-4A65-B438-9E0003CBD851}.Release|x86.Build.0 = Release|Win32
		{D1341018-C6A2-4F1A-A510-D9A32A7E1F1D}.Debug|x64.ActiveCfg = Debug|x64
		{D1341018-C6A2-4F1A-A510-D9A32A7E1F1D}.Debug|x64.Build.0 = Debug|x64
		{D1341018-C6A2-4F1A-A510-D9A32A7E1F1D}.Debug|x64.Deploy.0 = Debug|x64
		{D1341018-C6A2-4F1A-A510-D9A32A7E1F1D}.Debug|x86.ActiveCfg = Debug|Win32
		{D1341018-C6A2-4F1A-A510-D9A32A7E1F1D}.Debug|x86.Build.0 = Debug|Win32
		{D1341018-C6A2-4F1A-A510-D9A32A7E1F1D}.Release|x64.ActiveCfg = Release|x64
		{D1341018-C6A2-4F1A-A510-D9A32A7E1F1D}.Release|x64.Build.0 = Release|x64
		{D1341018-C6A2-4F1A-A510-D9A32A7E1F1D}.Release|x64.Deploy.0 = Release|x64
		{D1341018-C6A2-4F1A-A510-D9A32A7E1F1D}.Release|x86.ActiveCfg = Release|Win32
		{D1341018-C6A2-4F1A-A510-D9A32A7E1F1D}.Release|x86.Build.0 = Release|Win32
		{FD700726-3916-46F9-9D9D-84A6B9A22856}.Debug|x64.ActiveCfg = Debug|x64
		{FD700726-3916-46F9-9D9D-84A6B9A22856}.Debug|x64.Build.0 = Debug|x64
		{FD700726-3916-46F9-9D9D-84A6B9A22856}.Debug|x64.Deploy.0 = Debug|x64
		{FD700726-3916-46F9-9D9D-84A6B9A22856}.Debug|x86.ActiveCfg = Debug|Win32
		{FD700726-3916-46F9-9D9D-84A6B9A22856}.Debug|x86.Build.0 = Debug|Win32
		{FD700726-3916-46F9-9D9D-84A6B9A22856}.Release|x64.ActiveCfg = Release|x64
		{FD700726-3916-46F9-9D9D-84A6B9A22856}.Release|x64.Build.0 = Release|x64
		{FD700726-3916-46F9-9D9D-84A6B9A22856}.Release|x64.Deploy.0 = Release|x64
		{FD700726-3916-46F9-9D9D-84A6B9A22856}.Release|x86.ActiveCfg = Release|Win32
		{FD700726-3916-46F9-9D9D-84A6B9A22856}.Release|x86.Build.0 = Release|Win32
		{067A186A-39D6-42B7-BF6D-282A0E686146}.Debug|x64.ActiveCfg = Debug|x64
		{067A186A-39D6-42B7-BF6D-282A0E686146}.Debug|x64.Build.0 = Debug|x64
		{067A186A-39D6-42B7-BF6D-282A0E686146}.Debug|x86.ActiveCfg = Debug|Win32
		{067A186A-39D6-42B7-BF6D-282A0E686146}.Debug|x86.Build.0 = Debug|Win32
		{067A186A-39D6-42B7-BF6D-282A0E686146}.Release|x64.ActiveCfg = Release|x64
		{067A186A-39D6-42B7-BF6D-282A0E686146}.Release|x64.Build.0 = Release|x64
		{067A186A-39D6-42B7-BF6D-282A0E686146}.Release|x86.ActiveCfg = Release|Win32
		{067A186A-39D6-42B7-BF6D-282A0E686146}.Release|x86.Build.0 = Release|Win32
		{6C8A1DEA-96C7-41FB-B857-D7AC5EC8BC7B}.Debug|x64.ActiveCfg = Debug|x64
		{6C8A1DEA-96C7-41FB-B857-D7AC5EC8BC7B}.Debug|x64.Build.0 = Debug|x64
		{6C8A1DEA-96C7-41FB-B857-D7AC5EC8BC7B}.Debug|x86.ActiveCfg = Debug|Win32
		{6C8A1DEA-96C7-41FB-B857-D7AC5EC8BC7B}.Debug|x86.Build.0 = Debug|Win32
		{6C8A1DEA-96C7-41FB-B857-D7AC5EC8BC7B}.Release|x64.ActiveCfg = Release|x64
		{6C8A1DEA-96C7-41FB-B857-D7AC5EC8BC7B}.Release|x64.Build.0 = Release|x64
		{6C8A1DEA-96C7-41FB-B857-D7AC5EC8BC7B}.Release|x86.ActiveCfg = Release|Win32
		{6C8A1DEA-96C7-41FB-B857-D7AC5EC8BC7B}.Release|x86.Build.0 = Release|Win32
	EndGlobalSection
	GlobalSection(SolutionProperties) = preSolution
		HideSolutionNode = FALSE
	EndGlobalSection
	GlobalSection(ExtensibilityGlobals) = postSolution
		SolutionGuid = {75197152-B7A3-4429-BB5D-B7500E1DE6F2}
	EndGlobalSection
EndGlobal
